
Microsoft Visual Studio Solution File, Format Version 12.00
# Visual Studio Version 17
VisualStudioVersion = 17.5.33516.290
MinimumVisualStudioVersion = 10.0.40219.1
Project("{FAE04EC0-301F-11D3-BF4B-00C04F79EFBC}") = "AdapterDesignPattern", "AdapterDesignPattern\AdapterDesignPattern.csproj", "{606EC2BA-5D61-43D2-BABB-B84995039531}"
EndProject
Global
	GlobalSection(SolutionConfigurationPlatforms) = preSolution
		Debug|Any CPU = Debug|Any CPU
		Release|Any CPU = Release|Any CPU
	EndGlobalSection
	GlobalSection(ProjectConfigurationPlatforms) = postSolution
		{606EC2BA-5D61-43D2-BABB-B84995039531}.Debug|Any CPU.ActiveCfg = Debug|Any CPU
		{606EC2BA-5D61-43D2-BABB-B84995039531}.Debug|Any CPU.Build.0 = Debug|Any CPU
		{606EC2BA-5D61-43D2-BABB-B84995039531}.Release|Any CPU.ActiveCfg = Release|Any CPU
		{606EC2BA-5D61-43D2-BABB-B84995039531}.Release|Any CPU.Build.0 = Release|Any CPU
	EndGlobalSection
	GlobalSection(SolutionProperties) = preSolution
		HideSolutionNode = FALSE
	EndGlobalSection
	GlobalSection(ExtensibilityGlobals) = postSolution
		SolutionGuid = {CF1F99A7-A918-453C-87C3-06098081BCC2}
	EndGlobalSection
EndGlobal
